
Microsoft Visual Studio Solution File, Format Version 12.00
# Visual Studio 15
VisualStudioVersion = 15.0.27004.2005
MinimumVisualStudioVersion = 10.0.40219.1
Project("{FAE04EC0-301F-11D3-BF4B-00C04F79EFBC}") = "BibTagger", "BibTagger\BibTagger.csproj", "{28025618-0189-4572-81EA-5AABFE2723C9}"
EndProject
Project("{FAE04EC0-301F-11D3-BF4B-00C04F79EFBC}") = "Logger", "Logger\Logger.csproj", "{49F61D34-5E96-4B45-819E-D48BD3A6A3BA}"
EndProject
Project("{FAE04EC0-301F-11D3-BF4B-00C04F79EFBC}") = "CSV", "CSV\CSV.csproj", "{F8CF1F4F-DA23-4A85-810D-661A868324CF}"
EndProject
Project("{FAE04EC0-301F-11D3-BF4B-00C04F79EFBC}") = "BibCore", "BibCore\BibCore.csproj", "{766D4105-BA00-4133-99C5-D637B2C65169}"
EndProject
Project("{FAE04EC0-301F-11D3-BF4B-00C04F79EFBC}") = "BibOCR", "BibOCR\BibOCR.csproj", "{11A235E4-0B87-4F36-977F-2E2537A585AA}"
EndProject
Project("{FAE04EC0-301F-11D3-BF4B-00C04F79EFBC}") = "BibIO", "BibIO\BibIO.csproj", "{9EAA5FB4-B103-4013-993A-1D1E3DD190DA}"
EndProject
Project("{FAE04EC0-301F-11D3-BF4B-00C04F79EFBC}") = "NeuralKit", "NeuralKit\NeuralKit.csproj", "{9E8C24B7-D24B-4672-A06D-A9D8105C95AA}"
EndProject
Project("{FAE04EC0-301F-11D3-BF4B-00C04F79EFBC}") = "Demo", "Demo\Demo.csproj", "{70FE86ED-DBB7-4EFC-96B0-C3FE8127E6C1}"
EndProject
Global
	GlobalSection(SolutionConfigurationPlatforms) = preSolution
		Debug|Any CPU = Debug|Any CPU
		Release|Any CPU = Release|Any CPU
	EndGlobalSection
	GlobalSection(ProjectConfigurationPlatforms) = postSolution
		{28025618-0189-4572-81EA-5AABFE2723C9}.Debug|Any CPU.ActiveCfg = Debug|Any CPU
		{28025618-0189-4572-81EA-5AABFE2723C9}.Debug|Any CPU.Build.0 = Debug|Any CPU
		{28025618-0189-4572-81EA-5AABFE2723C9}.Release|Any CPU.ActiveCfg = Release|Any CPU
		{28025618-0189-4572-81EA-5AABFE2723C9}.Release|Any CPU.Build.0 = Release|Any CPU
		{49F61D34-5E96-4B45-819E-D48BD3A6A3BA}.Debug|Any CPU.ActiveCfg = Debug|Any CPU
		{49F61D34-5E96-4B45-819E-D48BD3A6A3BA}.Debug|Any CPU.Build.0 = Debug|Any CPU
		{49F61D34-5E96-4B45-819E-D48BD3A6A3BA}.Release|Any CPU.ActiveCfg = Release|Any CPU
		{49F61D34-5E96-4B45-819E-D48BD3A6A3BA}.Release|Any CPU.Build.0 = Release|Any CPU
		{F8CF1F4F-DA23-4A85-810D-661A868324CF}.Debug|Any CPU.ActiveCfg = Debug|Any CPU
		{F8CF1F4F-DA23-4A85-810D-661A868324CF}.Debug|Any CPU.Build.0 = Debug|Any CPU
		{F8CF1F4F-DA23-4A85-810D-661A868324CF}.Release|Any CPU.ActiveCfg = Release|Any CPU
		{F8CF1F4F-DA23-4A85-810D-661A868324CF}.Release|Any CPU.Build.0 = Release|Any CPU
		{766D4105-BA00-4133-99C5-D637B2C65169}.Debug|Any CPU.ActiveCfg = Debug|Any CPU
		{766D4105-BA00-4133-99C5-D637B2C65169}.Debug|Any CPU.Build.0 = Debug|Any CPU
		{766D4105-BA00-4133-99C5-D637B2C65169}.Release|Any CPU.ActiveCfg = Release|Any CPU
		{766D4105-BA00-4133-99C5-D637B2C65169}.Release|Any CPU.Build.0 = Release|Any CPU
		{11A235E4-0B87-4F36-977F-2E2537A585AA}.Debug|Any CPU.ActiveCfg = Debug|Any CPU
		{11A235E4-0B87-4F36-977F-2E2537A585AA}.Debug|Any CPU.Build.0 = Debug|Any CPU
		{11A235E4-0B87-4F36-977F-2E2537A585AA}.Release|Any CPU.ActiveCfg = Release|Any CPU
		{11A235E4-0B87-4F36-977F-2E2537A585AA}.Release|Any CPU.Build.0 = Release|Any CPU
		{9EAA5FB4-B103-4013-993A-1D1E3DD190DA}.Debug|Any CPU.ActiveCfg = Debug|Any CPU
		{9EAA5FB4-B103-4013-993A-1D1E3DD190DA}.Debug|Any CPU.Build.0 = Debug|Any CPU
		{9EAA5FB4-B103-4013-993A-1D1E3DD190DA}.Release|Any CPU.ActiveCfg = Release|Any CPU
		{9EAA5FB4-B103-4013-993A-1D1E3DD190DA}.Release|Any CPU.Build.0 = Release|Any CPU
		{9E8C24B7-D24B-4672-A06D-A9D8105C95AA}.Debug|Any CPU.ActiveCfg = Debug|Any CPU
		{9E8C24B7-D24B-4672-A06D-A9D8105C95AA}.Debug|Any CPU.Build.0 = Debug|Any CPU
		{9E8C24B7-D24B-4672-A06D-A9D8105C95AA}.Release|Any CPU.ActiveCfg = Release|Any CPU
		{9E8C24B7-D24B-4672-A06D-A9D8105C95AA}.Release|Any CPU.Build.0 = Release|Any CPU
		{70FE86ED-DBB7-4EFC-96B0-C3FE8127E6C1}.Debug|Any CPU.ActiveCfg = Debug|Any CPU
		{70FE86ED-DBB7-4EFC-96B0-C3FE8127E6C1}.Debug|Any CPU.Build.0 = Debug|Any CPU
		{70FE86ED-DBB7-4EFC-96B0-C3FE8127E6C1}.Release|Any CPU.ActiveCfg = Release|Any CPU
		{70FE86ED-DBB7-4EFC-96B0-C3FE8127E6C1}.Release|Any CPU.Build.0 = Release|Any CPU
	EndGlobalSection
	GlobalSection(SolutionProperties) = preSolution
		HideSolutionNode = FALSE
	EndGlobalSection
	GlobalSection(ExtensibilityGlobals) = postSolution
		SolutionGuid = {18316478-A835-44CE-AFAA-54BB805FCD66}
	EndGlobalSection
EndGlobal
